
Microsoft Visual Studio Solution File, Format Version 11.00
# Visual Studio 2010
Project("{2150E333-8FDC-42A3-9474-1A3956D46DE8}") = "BMS", "BMS", "{9CD2033E-135E-4F18-94F0-45E3E105B7A9}"
EndProject
Project("{2150E333-8FDC-42A3-9474-1A3956D46DE8}") = "DMM", "DMM", "{7BF945C4-2840-4A52-80F6-085FBA7B5363}"
EndProject
Project("{2150E333-8FDC-42A3-9474-1A3956D46DE8}") = "Load", "Load", "{76D518B7-8F37-4650-9F56-238090C70413}"
EndProject
Project("{2150E333-8FDC-42A3-9474-1A3956D46DE8}") = "DCPower", "DCPower", "{A7B189EE-0D08-47CB-9E76-938AC5F1B455}"
EndProject
Project("{2150E333-8FDC-42A3-9474-1A3956D46DE8}") = "Relay", "Relay", "{0AF76A0B-9437-4C62-970E-FDF30BCE7714}"
EndProject
Project("{2150E333-8FDC-42A3-9474-1A3956D46DE8}") = "Port", "Port", "{2F77591D-4CBB-4AE6-B69B-EB6478D44127}"
EndProject
Project("{2150E333-8FDC-42A3-9474-1A3956D46DE8}") = "File", "File", "{55F10D0B-E9C2-4A69-96D8-537CFD06DA47}"
EndProject
Project("{FAE04EC0-301F-11D3-BF4B-00C04F79EFBC}") = "Driver.Port.Can", "Driver.Port.Can\Driver.Port.Can.csproj", "{371D685B-B3FA-4A30-8A2C-05B8C5CFC8D8}"
EndProject
Project("{FAE04EC0-301F-11D3-BF4B-00C04F79EFBC}") = "Driver.File.Ini", "Driver.File.Ini\Driver.File.Ini.csproj", "{2675F637-AF47-4406-A9CE-257ACB88BF25}"
EndProject
Project("{FAE04EC0-301F-11D3-BF4B-00C04F79EFBC}") = "Driver.File.Csv", "Driver.File.Csv\Driver.File.Csv.csproj", "{58986288-A8FE-4D7C-A855-CFD9B348B506}"
EndProject
Project("{FAE04EC0-301F-11D3-BF4B-00C04F79EFBC}") = "Driver.File.Txt", "Driver.File.Txt\Driver.File.Txt.csproj", "{4C71E700-3482-4BAF-9692-1A676A143510}"
EndProject
Project("{FAE04EC0-301F-11D3-BF4B-00C04F79EFBC}") = "Driver.Port.SerialPort", "Driver.Port.SerialPort\Driver.Port.SerialPort.csproj", "{0FFBB8FC-2892-4F0C-A7F8-D5952787CD86}"
EndProject
Project("{FAE04EC0-301F-11D3-BF4B-00C04F79EFBC}") = "Driver.Port.GPIB", "Driver.Port.GPIB\Driver.Port.GPIB.csproj", "{7BFBC137-5022-4FFF-9237-98F362B00CAE}"
EndProject
Project("{2150E333-8FDC-42A3-9474-1A3956D46DE8}") = "DataBase", "DataBase", "{E9CF416A-0F22-467C-9647-A04748F51EE5}"
EndProject
Project("{FAE04EC0-301F-11D3-BF4B-00C04F79EFBC}") = "Driver.DataBase.Sql", "DataBase\Driver.DataBase.Sql.csproj", "{B5B26E7E-71ED-41D8-A5D0-B2A8BE10E318}"
EndProject
Project("{FAE04EC0-301F-11D3-BF4B-00C04F79EFBC}") = "Driver.Port.TCPIP", "Driver.Port.TCPIP\Driver.Port.TCPIP.csproj", "{51E68639-97C9-4DB7-958E-D8390B73283A}"
EndProject
Project("{FAE04EC0-301F-11D3-BF4B-00C04F79EFBC}") = "Driver.File.Log", "Driver.File.Log\Driver.File.Log.csproj", "{C04A2A48-1328-4ED2-A6D0-62D67DAB75F1}"
EndProject
Project("{FAE04EC0-301F-11D3-BF4B-00C04F79EFBC}") = "AutoTest", "AutoTest\AutoTest.csproj", "{AF310B9D-ED5D-480B-BFA2-47B433F2EFF0}"
EndProject
Project("{FAE04EC0-301F-11D3-BF4B-00C04F79EFBC}") = "Driver.File.Xml", "Driver.File.Xml\Driver.File.Xml.csproj", "{5404CDA6-C126-477B-B74B-408CF822BA00}"
EndProject
Project("{FAE04EC0-301F-11D3-BF4B-00C04F79EFBC}") = "AutoTestAttribute", "AutoTestAttributes\AutoTestAttribute.csproj", "{ABFE8A5F-3EF7-420E-BE88-0528FABCC9A7}"
EndProject
Project("{FAE04EC0-301F-11D3-BF4B-00C04F79EFBC}") = "Driver.File.Sql", "Driver.File.Sql\Driver.File.Sql.csproj", "{8E469E4F-77CD-4C02-AF01-7F78CF71C8DE}"
EndProject
Project("{FAE04EC0-301F-11D3-BF4B-00C04F79EFBC}") = "Driver.Relay.I16O16", "Driver.Relay.16I16O\Driver.Relay.I16O16.csproj", "{B1587FF9-5EE3-4FFD-B732-38AAF3524CD4}"
EndProject
Project("{FAE04EC0-301F-11D3-BF4B-00C04F79EFBC}") = "BHN01.Dll", "BHN01.dll\BHN01.Dll.csproj", "{B854CBA7-08FF-423F-887D-A156BFFB8772}"
EndProject
Project("{FAE04EC0-301F-11D3-BF4B-00C04F79EFBC}") = "Driver.BHN01.CanUpdate", "Driver.BHN01.CanUpdate\Driver.BHN01.CanUpdate.csproj", "{05CCA688-A3AC-4607-9D61-337738B1F04B}"
EndProject
Project("{FAE04EC0-301F-11D3-BF4B-00C04F79EFBC}") = "Driver.BHN01.BmuConfig", "Driver.BHN01.BmuConfig\Driver.BHN01.BmuConfig.csproj", "{0669BB94-E487-4019-8D32-170CDD3CE9CC}"
EndProject
Project("{FAE04EC0-301F-11D3-BF4B-00C04F79EFBC}") = "Driver.DCPower.IT6723G", "Driver.DCPower.IT7723G\Driver.DCPower.IT6723G.csproj", "{C30815EB-1FEA-4BED-853D-3C7E641F314C}"
EndProject
Project("{FAE04EC0-301F-11D3-BF4B-00C04F79EFBC}") = "Driver.BMS.BHN01", "Driver.BMS.BHN01\Driver.BMS.BHN01.csproj", "{439EE701-85DF-453D-86B7-7F28EC343B39}"
EndProject
Project("{FAE04EC0-301F-11D3-BF4B-00C04F79EFBC}") = "Driver.AgilentCurrPower.6680A", "Driver.AgilentCurrPower.6680A\Driver.AgilentCurrPower.6680A.csproj", "{15BD49F8-289D-4D0E-A27E-59585650A1DA}"
EndProject
Project("{2150E333-8FDC-42A3-9474-1A3956D46DE8}") = "WaveGenerator", "WaveGenerator", "{D7C3A67D-397C-4599-8CC8-6806B7013E4F}"
EndProject
Project("{FAE04EC0-301F-11D3-BF4B-00C04F79EFBC}") = "Driver.WaveGenerator.AFG-2225", "Driver.WaveGenerator.AFG-2225\Driver.WaveGenerator.AFG-2225.csproj", "{B7B073E8-EEFC-4291-B6A2-11B57C379ED7}"
EndProject
Project("{2150E333-8FDC-42A3-9474-1A3956D46DE8}") = "System", "System", "{CD16FBA8-2F82-4A57-B8F0-F2485C69501B}"
EndProject
Project("{FAE04EC0-301F-11D3-BF4B-00C04F79EFBC}") = "Driver.SystemFunction", "Driver.System\Driver.SystemFunction.csproj", "{140CA460-905E-4974-ADBC-AF348B2774D4}"
EndProject
Project("{FAE04EC0-301F-11D3-BF4B-00C04F79EFBC}") = "MonitorServer", "MonitorServer\MonitorServer.csproj", "{30F6D3AD-6A23-4E4A-A49D-631A1BA1A0D6}"
EndProject
Project("{FAE04EC0-301F-11D3-BF4B-00C04F79EFBC}") = "MonitorService1", "MonitorService1\MonitorService1.csproj", "{BDEC2DE5-F676-46E5-8FB2-82AE1D5C3FAF}"
EndProject
Global
	GlobalSection(SolutionConfigurationPlatforms) = preSolution
		Debug|Any CPU = Debug|Any CPU
		Debug|Mixed Platforms = Debug|Mixed Platforms
		Debug|x86 = Debug|x86
		Release|Any CPU = Release|Any CPU
		Release|Mixed Platforms = Release|Mixed Platforms
		Release|x86 = Release|x86
	EndGlobalSection
	GlobalSection(ProjectConfigurationPlatforms) = postSolution
		{371D685B-B3FA-4A30-8A2C-05B8C5CFC8D8}.Debug|Any CPU.ActiveCfg = Debug|Any CPU
		{371D685B-B3FA-4A30-8A2C-05B8C5CFC8D8}.Debug|Any CPU.Build.0 = Debug|Any CPU
		{371D685B-B3FA-4A30-8A2C-05B8C5CFC8D8}.Debug|Mixed Platforms.ActiveCfg = Debug|Any CPU
		{371D685B-B3FA-4A30-8A2C-05B8C5CFC8D8}.Debug|Mixed Platforms.Build.0 = Debug|Any CPU
		{371D685B-B3FA-4A30-8A2C-05B8C5CFC8D8}.Debug|x86.ActiveCfg = Debug|Any CPU
		{371D685B-B3FA-4A30-8A2C-05B8C5CFC8D8}.Release|Any CPU.ActiveCfg = Release|Any CPU
		{371D685B-B3FA-4A30-8A2C-05B8C5CFC8D8}.Release|Any CPU.Build.0 = Release|Any CPU
		{371D685B-B3FA-4A30-8A2C-05B8C5CFC8D8}.Release|Mixed Platforms.ActiveCfg = Release|Any CPU
		{371D685B-B3FA-4A30-8A2C-05B8C5CFC8D8}.Release|Mixed Platforms.Build.0 = Release|Any CPU
		{371D685B-B3FA-4A30-8A2C-05B8C5CFC8D8}.Release|x86.ActiveCfg = Release|Any CPU
		{2675F637-AF47-4406-A9CE-257ACB88BF25}.Debug|Any CPU.ActiveCfg = Debug|Any CPU
		{2675F637-AF47-4406-A9CE-257ACB88BF25}.Debug|Any CPU.Build.0 = Debug|Any CPU
		{2675F637-AF47-4406-A9CE-257ACB88BF25}.Debug|Mixed Platforms.ActiveCfg = Debug|Any CPU
		{2675F637-AF47-4406-A9CE-257ACB88BF25}.Debug|Mixed Platforms.Build.0 = Debug|Any CPU
		{2675F637-AF47-4406-A9CE-257ACB88BF25}.Debug|x86.ActiveCfg = Debug|Any CPU
		{2675F637-AF47-4406-A9CE-257ACB88BF25}.Release|Any CPU.ActiveCfg = Release|Any CPU
		{2675F637-AF47-4406-A9CE-257ACB88BF25}.Release|Any CPU.Build.0 = Release|Any CPU
		{2675F637-AF47-4406-A9CE-257ACB88BF25}.Release|Mixed Platforms.ActiveCfg = Release|Any CPU
		{2675F637-AF47-4406-A9CE-257ACB88BF25}.Release|Mixed Platforms.Build.0 = Release|Any CPU
		{2675F637-AF47-4406-A9CE-257ACB88BF25}.Release|x86.ActiveCfg = Release|Any CPU
		{58986288-A8FE-4D7C-A855-CFD9B348B506}.Debug|Any CPU.ActiveCfg = Debug|Any CPU
		{58986288-A8FE-4D7C-A855-CFD9B348B506}.Debug|Any CPU.Build.0 = Debug|Any CPU
		{58986288-A8FE-4D7C-A855-CFD9B348B506}.Debug|Mixed Platforms.ActiveCfg = Debug|Any CPU
		{58986288-A8FE-4D7C-A855-CFD9B348B506}.Debug|Mixed Platforms.Build.0 = Debug|Any CPU
		{58986288-A8FE-4D7C-A855-CFD9B348B506}.Debug|x86.ActiveCfg = Debug|Any CPU
		{58986288-A8FE-4D7C-A855-CFD9B348B506}.Release|Any CPU.ActiveCfg = Release|Any CPU
		{58986288-A8FE-4D7C-A855-CFD9B348B506}.Release|Any CPU.Build.0 = Release|Any CPU
		{58986288-A8FE-4D7C-A855-CFD9B348B506}.Release|Mixed Platforms.ActiveCfg = Release|Any CPU
		{58986288-A8FE-4D7C-A855-CFD9B348B506}.Release|Mixed Platforms.Build.0 = Release|Any CPU
		{58986288-A8FE-4D7C-A855-CFD9B348B506}.Release|x86.ActiveCfg = Release|Any CPU
		{4C71E700-3482-4BAF-9692-1A676A143510}.Debug|Any CPU.ActiveCfg = Debug|Any CPU
		{4C71E700-3482-4BAF-9692-1A676A143510}.Debug|Any CPU.Build.0 = Debug|Any CPU
		{4C71E700-3482-4BAF-9692-1A676A143510}.Debug|Mixed Platforms.ActiveCfg = Debug|Any CPU
		{4C71E700-3482-4BAF-9692-1A676A143510}.Debug|Mixed Platforms.Build.0 = Debug|Any CPU
		{4C71E700-3482-4BAF-9692-1A676A143510}.Debug|x86.ActiveCfg = Debug|Any CPU
		{4C71E700-3482-4BAF-9692-1A676A143510}.Release|Any CPU.ActiveCfg = Release|Any CPU
		{4C71E700-3482-4BAF-9692-1A676A143510}.Release|Any CPU.Build.0 = Release|Any CPU
		{4C71E700-3482-4BAF-9692-1A676A143510}.Release|Mixed Platforms.ActiveCfg = Release|Any CPU
		{4C71E700-3482-4BAF-9692-1A676A143510}.Release|Mixed Platforms.Build.0 = Release|Any CPU
		{4C71E700-3482-4BAF-9692-1A676A143510}.Release|x86.ActiveCfg = Release|Any CPU
		{0FFBB8FC-2892-4F0C-A7F8-D5952787CD86}.Debug|Any CPU.ActiveCfg = Debug|Any CPU
		{0FFBB8FC-2892-4F0C-A7F8-D5952787CD86}.Debug|Any CPU.Build.0 = Debug|Any CPU
		{0FFBB8FC-2892-4F0C-A7F8-D5952787CD86}.Debug|Mixed Platforms.ActiveCfg = Debug|Any CPU
		{0FFBB8FC-2892-4F0C-A7F8-D5952787CD86}.Debug|Mixed Platforms.Build.0 = Debug|Any CPU
		{0FFBB8FC-2892-4F0C-A7F8-D5952787CD86}.Debug|x86.ActiveCfg = Debug|Any CPU
		{0FFBB8FC-2892-4F0C-A7F8-D5952787CD86}.Release|Any CPU.ActiveCfg = Release|Any CPU
		{0FFBB8FC-2892-4F0C-A7F8-D5952787CD86}.Release|Any CPU.Build.0 = Release|Any CPU
		{0FFBB8FC-2892-4F0C-A7F8-D5952787CD86}.Release|Mixed Platforms.ActiveCfg = Release|Any CPU
		{0FFBB8FC-2892-4F0C-A7F8-D5952787CD86}.Release|Mixed Platforms.Build.0 = Release|Any CPU
		{0FFBB8FC-2892-4F0C-A7F8-D5952787CD86}.Release|x86.ActiveCfg = Release|Any CPU
		{7BFBC137-5022-4FFF-9237-98F362B00CAE}.Debug|Any CPU.ActiveCfg = Debug|Any CPU
		{7BFBC137-5022-4FFF-9237-98F362B00CAE}.Debug|Any CPU.Build.0 = Debug|Any CPU
		{7BFBC137-5022-4FFF-9237-98F362B00CAE}.Debug|Mixed Platforms.ActiveCfg = Debug|Any CPU
		{7BFBC137-5022-4FFF-9237-98F362B00CAE}.Debug|Mixed Platforms.Build.0 = Debug|Any CPU
		{7BFBC137-5022-4FFF-9237-98F362B00CAE}.Debug|x86.ActiveCfg = Debug|Any CPU
		{7BFBC137-5022-4FFF-9237-98F362B00CAE}.Release|Any CPU.ActiveCfg = Release|Any CPU
		{7BFBC137-5022-4FFF-9237-98F362B00CAE}.Release|Any CPU.Build.0 = Release|Any CPU
		{7BFBC137-5022-4FFF-9237-98F362B00CAE}.Release|Mixed Platforms.ActiveCfg = Release|Any CPU
		{7BFBC137-5022-4FFF-9237-98F362B00CAE}.Release|Mixed Platforms.Build.0 = Release|Any CPU
		{7BFBC137-5022-4FFF-9237-98F362B00CAE}.Release|x86.ActiveCfg = Release|Any CPU
		{B5B26E7E-71ED-41D8-A5D0-B2A8BE10E318}.Debug|Any CPU.ActiveCfg = Debug|Any CPU
		{B5B26E7E-71ED-41D8-A5D0-B2A8BE10E318}.Debug|Any CPU.Build.0 = Debug|Any CPU
		{B5B26E7E-71ED-41D8-A5D0-B2A8BE10E318}.Debug|Mixed Platforms.ActiveCfg = Debug|Any CPU
		{B5B26E7E-71ED-41D8-A5D0-B2A8BE10E318}.Debug|Mixed Platforms.Build.0 = Debug|Any CPU
		{B5B26E7E-71ED-41D8-A5D0-B2A8BE10E318}.Debug|x86.ActiveCfg = Debug|Any CPU
		{B5B26E7E-71ED-41D8-A5D0-B2A8BE10E318}.Release|Any CPU.ActiveCfg = Release|Any CPU
		{B5B26E7E-71ED-41D8-A5D0-B2A8BE10E318}.Release|Any CPU.Build.0 = Release|Any CPU
		{B5B26E7E-71ED-41D8-A5D0-B2A8BE10E318}.Release|Mixed Platforms.ActiveCfg = Release|Any CPU
		{B5B26E7E-71ED-41D8-A5D0-B2A8BE10E318}.Release|Mixed Platforms.Build.0 = Release|Any CPU
		{B5B26E7E-71ED-41D8-A5D0-B2A8BE10E318}.Release|x86.ActiveCfg = Release|Any CPU
		{51E68639-97C9-4DB7-958E-D8390B73283A}.Debug|Any CPU.ActiveCfg = Debug|Any CPU
		{51E68639-97C9-4DB7-958E-D8390B73283A}.Debug|Any CPU.Build.0 = Debug|Any CPU
		{51E68639-97C9-4DB7-958E-D8390B73283A}.Debug|Mixed Platforms.ActiveCfg = Debug|Any CPU
		{51E68639-97C9-4DB7-958E-D8390B73283A}.Debug|Mixed Platforms.Build.0 = Debug|Any CPU
		{51E68639-97C9-4DB7-958E-D8390B73283A}.Debug|x86.ActiveCfg = Debug|Any CPU
		{51E68639-97C9-4DB7-958E-D8390B73283A}.Release|Any CPU.ActiveCfg = Release|Any CPU
		{51E68639-97C9-4DB7-958E-D8390B73283A}.Release|Any CPU.Build.0 = Release|Any CPU
		{51E68639-97C9-4DB7-958E-D8390B73283A}.Release|Mixed Platforms.ActiveCfg = Release|Any CPU
		{51E68639-97C9-4DB7-958E-D8390B73283A}.Release|Mixed Platforms.Build.0 = Release|Any CPU
		{51E68639-97C9-4DB7-958E-D8390B73283A}.Release|x86.ActiveCfg = Release|Any CPU
		{C04A2A48-1328-4ED2-A6D0-62D67DAB75F1}.Debug|Any CPU.ActiveCfg = Debug|Any CPU
		{C04A2A48-1328-4ED2-A6D0-62D67DAB75F1}.Debug|Any CPU.Build.0 = Debug|Any CPU
		{C04A2A48-1328-4ED2-A6D0-62D67DAB75F1}.Debug|Mixed Platforms.ActiveCfg = Debug|Any CPU
		{C04A2A48-1328-4ED2-A6D0-62D67DAB75F1}.Debug|Mixed Platforms.Build.0 = Debug|Any CPU
		{C04A2A48-1328-4ED2-A6D0-62D67DAB75F1}.Debug|x86.ActiveCfg = Debug|Any CPU
		{C04A2A48-1328-4ED2-A6D0-62D67DAB75F1}.Release|Any CPU.ActiveCfg = Release|Any CPU
		{C04A2A48-1328-4ED2-A6D0-62D67DAB75F1}.Release|Any CPU.Build.0 = Release|Any CPU
		{C04A2A48-1328-4ED2-A6D0-62D67DAB75F1}.Release|Mixed Platforms.ActiveCfg = Release|Any CPU
		{C04A2A48-1328-4ED2-A6D0-62D67DAB75F1}.Release|Mixed Platforms.Build.0 = Release|Any CPU
		{C04A2A48-1328-4ED2-A6D0-62D67DAB75F1}.Release|x86.ActiveCfg = Release|Any CPU
		{AF310B9D-ED5D-480B-BFA2-47B433F2EFF0}.Debug|Any CPU.ActiveCfg = Debug|x86
		{AF310B9D-ED5D-480B-BFA2-47B433F2EFF0}.Debug|Mixed Platforms.ActiveCfg = Debug|x86
		{AF310B9D-ED5D-480B-BFA2-47B433F2EFF0}.Debug|Mixed Platforms.Build.0 = Debug|x86
		{AF310B9D-ED5D-480B-BFA2-47B433F2EFF0}.Debug|x86.ActiveCfg = Debug|x86
		{AF310B9D-ED5D-480B-BFA2-47B433F2EFF0}.Debug|x86.Build.0 = Debug|x86
		{AF310B9D-ED5D-480B-BFA2-47B433F2EFF0}.Release|Any CPU.ActiveCfg = Release|x86
		{AF310B9D-ED5D-480B-BFA2-47B433F2EFF0}.Release|Mixed Platforms.ActiveCfg = Release|x86
		{AF310B9D-ED5D-480B-BFA2-47B433F2EFF0}.Release|Mixed Platforms.Build.0 = Release|x86
		{AF310B9D-ED5D-480B-BFA2-47B433F2EFF0}.Release|x86.ActiveCfg = Release|x86
		{AF310B9D-ED5D-480B-BFA2-47B433F2EFF0}.Release|x86.Build.0 = Release|x86
		{5404CDA6-C126-477B-B74B-408CF822BA00}.Debug|Any CPU.ActiveCfg = Debug|Any CPU
		{5404CDA6-C126-477B-B74B-408CF822BA00}.Debug|Any CPU.Build.0 = Debug|Any CPU
		{5404CDA6-C126-477B-B74B-408CF822BA00}.Debug|Mixed Platforms.ActiveCfg = Debug|Any CPU
		{5404CDA6-C126-477B-B74B-408CF822BA00}.Debug|Mixed Platforms.Build.0 = Debug|Any CPU
		{5404CDA6-C126-477B-B74B-408CF822BA00}.Debug|x86.ActiveCfg = Debug|Any CPU
		{5404CDA6-C126-477B-B74B-408CF822BA00}.Release|Any CPU.ActiveCfg = Release|Any CPU
		{5404CDA6-C126-477B-B74B-408CF822BA00}.Release|Any CPU.Build.0 = Release|Any CPU
		{5404CDA6-C126-477B-B74B-408CF822BA00}.Release|Mixed Platforms.ActiveCfg = Release|Any CPU
		{5404CDA6-C126-477B-B74B-408CF822BA00}.Release|Mixed Platforms.Build.0 = Release|Any CPU
		{5404CDA6-C126-477B-B74B-408CF822BA00}.Release|x86.ActiveCfg = Release|Any CPU
		{ABFE8A5F-3EF7-420E-BE88-0528FABCC9A7}.Debug|Any CPU.ActiveCfg = Debug|Any CPU
		{ABFE8A5F-3EF7-420E-BE88-0528FABCC9A7}.Debug|Any CPU.Build.0 = Debug|Any CPU
		{ABFE8A5F-3EF7-420E-BE88-0528FABCC9A7}.Debug|Mixed Platforms.ActiveCfg = Debug|Any CPU
		{ABFE8A5F-3EF7-420E-BE88-0528FABCC9A7}.Debug|Mixed Platforms.Build.0 = Debug|Any CPU
		{ABFE8A5F-3EF7-420E-BE88-0528FABCC9A7}.Debug|x86.ActiveCfg = Debug|Any CPU
		{ABFE8A5F-3EF7-420E-BE88-0528FABCC9A7}.Release|Any CPU.ActiveCfg = Release|Any CPU
		{ABFE8A5F-3EF7-420E-BE88-0528FABCC9A7}.Release|Any CPU.Build.0 = Release|Any CPU
		{ABFE8A5F-3EF7-420E-BE88-0528FABCC9A7}.Release|Mixed Platforms.ActiveCfg = Release|Any CPU
		{ABFE8A5F-3EF7-420E-BE88-0528FABCC9A7}.Release|Mixed Platforms.Build.0 = Release|Any CPU
		{ABFE8A5F-3EF7-420E-BE88-0528FABCC9A7}.Release|x86.ActiveCfg = Release|Any CPU
		{8E469E4F-77CD-4C02-AF01-7F78CF71C8DE}.Debug|Any CPU.ActiveCfg = Debug|Any CPU
		{8E469E4F-77CD-4C02-AF01-7F78CF71C8DE}.Debug|Any CPU.Build.0 = Debug|Any CPU
		{8E469E4F-77CD-4C02-AF01-7F78CF71C8DE}.Debug|Mixed Platforms.ActiveCfg = Debug|Any CPU
		{8E469E4F-77CD-4C02-AF01-7F78CF71C8DE}.Debug|Mixed Platforms.Build.0 = Debug|Any CPU
		{8E469E4F-77CD-4C02-AF01-7F78CF71C8DE}.Debug|x86.ActiveCfg = Debug|Any CPU
		{8E469E4F-77CD-4C02-AF01-7F78CF71C8DE}.Release|Any CPU.ActiveCfg = Release|Any CPU
		{8E469E4F-77CD-4C02-AF01-7F78CF71C8DE}.Release|Any CPU.Build.0 = Release|Any CPU
		{8E469E4F-77CD-4C02-AF01-7F78CF71C8DE}.Release|Mixed Platforms.ActiveCfg = Release|Any CPU
		{8E469E4F-77CD-4C02-AF01-7F78CF71C8DE}.Release|Mixed Platforms.Build.0 = Release|Any CPU
		{8E469E4F-77CD-4C02-AF01-7F78CF71C8DE}.Release|x86.ActiveCfg = Release|Any CPU
		{B1587FF9-5EE3-4FFD-B732-38AAF3524CD4}.Debug|Any CPU.ActiveCfg = Debug|Any CPU
		{B1587FF9-5EE3-4FFD-B732-38AAF3524CD4}.Debug|Any CPU.Build.0 = Debug|Any CPU
		{B1587FF9-5EE3-4FFD-B732-38AAF3524CD4}.Debug|Mixed Platforms.ActiveCfg = Debug|Any CPU
		{B1587FF9-5EE3-4FFD-B732-38AAF3524CD4}.Debug|Mixed Platforms.Build.0 = Debug|Any CPU
		{B1587FF9-5EE3-4FFD-B732-38AAF3524CD4}.Debug|x86.ActiveCfg = Debug|Any CPU
		{B1587FF9-5EE3-4FFD-B732-38AAF3524CD4}.Release|Any CPU.ActiveCfg = Release|Any CPU
		{B1587FF9-5EE3-4FFD-B732-38AAF3524CD4}.Release|Any CPU.Build.0 = Release|Any CPU
		{B1587FF9-5EE3-4FFD-B732-38AAF3524CD4}.Release|Mixed Platforms.ActiveCfg = Release|Any CPU
		{B1587FF9-5EE3-4FFD-B732-38AAF3524CD4}.Release|Mixed Platforms.Build.0 = Release|Any CPU
		{B1587FF9-5EE3-4FFD-B732-38AAF3524CD4}.Release|x86.ActiveCfg = Release|Any CPU
		{B854CBA7-08FF-423F-887D-A156BFFB8772}.Debug|Any CPU.ActiveCfg = Debug|x86
		{B854CBA7-08FF-423F-887D-A156BFFB8772}.Debug|Mixed Platforms.ActiveCfg = Debug|x86
		{B854CBA7-08FF-423F-887D-A156BFFB8772}.Debug|Mixed Platforms.Build.0 = Debug|x86
		{B854CBA7-08FF-423F-887D-A156BFFB8772}.Debug|x86.ActiveCfg = Debug|x86
		{B854CBA7-08FF-423F-887D-A156BFFB8772}.Debug|x86.Build.0 = Debug|x86
		{B854CBA7-08FF-423F-887D-A156BFFB8772}.Release|Any CPU.ActiveCfg = Release|x86
		{B854CBA7-08FF-423F-887D-A156BFFB8772}.Release|Mixed Platforms.ActiveCfg = Release|x86
		{B854CBA7-08FF-423F-887D-A156BFFB8772}.Release|Mixed Platforms.Build.0 = Release|x86
		{B854CBA7-08FF-423F-887D-A156BFFB8772}.Release|x86.ActiveCfg = Release|x86
		{B854CBA7-08FF-423F-887D-A156BFFB8772}.Release|x86.Build.0 = Release|x86
		{05CCA688-A3AC-4607-9D61-337738B1F04B}.Debug|Any CPU.ActiveCfg = Debug|Any CPU
		{05CCA688-A3AC-4607-9D61-337738B1F04B}.Debug|Any CPU.Build.0 = Debug|Any CPU
		{05CCA688-A3AC-4607-9D61-337738B1F04B}.Debug|Mixed Platforms.ActiveCfg = Debug|Any CPU
		{05CCA688-A3AC-4607-9D61-337738B1F04B}.Debug|Mixed Platforms.Build.0 = Debug|Any CPU
		{05CCA688-A3AC-4607-9D61-337738B1F04B}.Debug|x86.ActiveCfg = Debug|Any CPU
		{05CCA688-A3AC-4607-9D61-337738B1F04B}.Release|Any CPU.ActiveCfg = Release|Any CPU
		{05CCA688-A3AC-4607-9D61-337738B1F04B}.Release|Any CPU.Build.0 = Release|Any CPU
		{05CCA688-A3AC-4607-9D61-337738B1F04B}.Release|Mixed Platforms.ActiveCfg = Release|Any CPU
		{05CCA688-A3AC-4607-9D61-337738B1F04B}.Release|Mixed Platforms.Build.0 = Release|Any CPU
		{05CCA688-A3AC-4607-9D61-337738B1F04B}.Release|x86.ActiveCfg = Release|Any CPU
		{0669BB94-E487-4019-8D32-170CDD3CE9CC}.Debug|Any CPU.ActiveCfg = Debug|Any CPU
		{0669BB94-E487-4019-8D32-170CDD3CE9CC}.Debug|Any CPU.Build.0 = Debug|Any CPU
		{0669BB94-E487-4019-8D32-170CDD3CE9CC}.Debug|Mixed Platforms.ActiveCfg = Debug|Any CPU
		{0669BB94-E487-4019-8D32-170CDD3CE9CC}.Debug|Mixed Platforms.Build.0 = Debug|Any CPU
		{0669BB94-E487-4019-8D32-170CDD3CE9CC}.Debug|x86.ActiveCfg = Debug|Any CPU
		{0669BB94-E487-4019-8D32-170CDD3CE9CC}.Release|Any CPU.ActiveCfg = Release|Any CPU
		{0669BB94-E487-4019-8D32-170CDD3CE9CC}.Release|Any CPU.Build.0 = Release|Any CPU
		{0669BB94-E487-4019-8D32-170CDD3CE9CC}.Release|Mixed Platforms.ActiveCfg = Release|Any CPU
		{0669BB94-E487-4019-8D32-170CDD3CE9CC}.Release|Mixed Platforms.Build.0 = Release|Any CPU
		{0669BB94-E487-4019-8D32-170CDD3CE9CC}.Release|x86.ActiveCfg = Release|Any CPU
		{C30815EB-1FEA-4BED-853D-3C7E641F314C}.Debug|Any CPU.ActiveCfg = Debug|Any CPU
		{C30815EB-1FEA-4BED-853D-3C7E641F314C}.Debug|Any CPU.Build.0 = Debug|Any CPU
		{C30815EB-1FEA-4BED-853D-3C7E641F314C}.Debug|Mixed Platforms.ActiveCfg = Debug|Any CPU
		{C30815EB-1FEA-4BED-853D-3C7E641F314C}.Debug|Mixed Platforms.Build.0 = Debug|Any CPU
		{C30815EB-1FEA-4BED-853D-3C7E641F314C}.Debug|x86.ActiveCfg = Debug|Any CPU
		{C30815EB-1FEA-4BED-853D-3C7E641F314C}.Release|Any CPU.ActiveCfg = Release|Any CPU
		{C30815EB-1FEA-4BED-853D-3C7E641F314C}.Release|Any CPU.Build.0 = Release|Any CPU
		{C30815EB-1FEA-4BED-853D-3C7E641F314C}.Release|Mixed Platforms.ActiveCfg = Release|Any CPU
		{C30815EB-1FEA-4BED-853D-3C7E641F314C}.Release|Mixed Platforms.Build.0 = Release|Any CPU
		{C30815EB-1FEA-4BED-853D-3C7E641F314C}.Release|x86.ActiveCfg = Release|Any CPU
		{439EE701-85DF-453D-86B7-7F28EC343B39}.Debug|Any CPU.ActiveCfg = Debug|Any CPU
		{439EE701-85DF-453D-86B7-7F28EC343B39}.Debug|Any CPU.Build.0 = Debug|Any CPU
		{439EE701-85DF-453D-86B7-7F28EC343B39}.Debug|Mixed Platforms.ActiveCfg = Debug|Any CPU
		{439EE701-85DF-453D-86B7-7F28EC343B39}.Debug|Mixed Platforms.Build.0 = Debug|Any CPU
		{439EE701-85DF-453D-86B7-7F28EC343B39}.Debug|x86.ActiveCfg = Debug|Any CPU
		{439EE701-85DF-453D-86B7-7F28EC343B39}.Release|Any CPU.ActiveCfg = Release|Any CPU
		{439EE701-85DF-453D-86B7-7F28EC343B39}.Release|Any CPU.Build.0 = Release|Any CPU
		{439EE701-85DF-453D-86B7-7F28EC343B39}.Release|Mixed Platforms.ActiveCfg = Release|Any CPU
		{439EE701-85DF-453D-86B7-7F28EC343B39}.Release|Mixed Platforms.Build.0 = Release|Any CPU
		{439EE701-85DF-453D-86B7-7F28EC343B39}.Release|x86.ActiveCfg = Release|Any CPU
		{15BD49F8-289D-4D0E-A27E-59585650A1DA}.Debug|Any CPU.ActiveCfg = Debug|Any CPU
		{15BD49F8-289D-4D0E-A27E-59585650A1DA}.Debug|Any CPU.Build.0 = Debug|Any CPU
		{15BD49F8-289D-4D0E-A27E-59585650A1DA}.Debug|Mixed Platforms.ActiveCfg = Debug|Any CPU
		{15BD49F8-289D-4D0E-A27E-59585650A1DA}.Debug|Mixed Platforms.Build.0 = Debug|Any CPU
		{15BD49F8-289D-4D0E-A27E-59585650A1DA}.Debug|x86.ActiveCfg = Debug|Any CPU
		{15BD49F8-289D-4D0E-A27E-59585650A1DA}.Release|Any CPU.ActiveCfg = Release|Any CPU
		{15BD49F8-289D-4D0E-A27E-59585650A1DA}.Release|Any CPU.Build.0 = Release|Any CPU
		{15BD49F8-289D-4D0E-A27E-59585650A1DA}.Release|Mixed Platforms.ActiveCfg = Release|Any CPU
		{15BD49F8-289D-4D0E-A27E-59585650A1DA}.Release|Mixed Platforms.Build.0 = Release|Any CPU
		{15BD49F8-289D-4D0E-A27E-59585650A1DA}.Release|x86.ActiveCfg = Release|Any CPU
		{B7B073E8-EEFC-4291-B6A2-11B57C379ED7}.Debug|Any CPU.ActiveCfg = Debug|Any CPU
		{B7B073E8-EEFC-4291-B6A2-11B57C379ED7}.Debug|Any CPU.Build.0 = Debug|Any CPU
		{B7B073E8-EEFC-4291-B6A2-11B57C379ED7}.Debug|Mixed Platforms.ActiveCfg = Debug|Any CPU
		{B7B073E8-EEFC-4291-B6A2-11B57C379ED7}.Debug|Mixed Platforms.Build.0 = Debug|Any CPU
		{B7B073E8-EEFC-4291-B6A2-11B57C379ED7}.Debug|x86.ActiveCfg = Debug|Any CPU
		{B7B073E8-EEFC-4291-B6A2-11B57C379ED7}.Release|Any CPU.ActiveCfg = Release|Any CPU
		{B7B073E8-EEFC-4291-B6A2-11B57C379ED7}.Release|Any CPU.Build.0 = Release|Any CPU
		{B7B073E8-EEFC-4291-B6A2-11B57C379ED7}.Release|Mixed Platforms.ActiveCfg = Release|Any CPU
		{B7B073E8-EEFC-4291-B6A2-11B57C379ED7}.Release|Mixed Platforms.Build.0 = Release|Any CPU
		{B7B073E8-EEFC-4291-B6A2-11B57C379ED7}.Release|x86.ActiveCfg = Release|Any CPU
		{140CA460-905E-4974-ADBC-AF348B2774D4}.Debug|Any CPU.ActiveCfg = Debug|Any CPU
		{140CA460-905E-4974-ADBC-AF348B2774D4}.Debug|Any CPU.Build.0 = Debug|Any CPU
		{140CA460-905E-4974-ADBC-AF348B2774D4}.Debug|Mixed Platforms.ActiveCfg = Debug|Any CPU
		{140CA460-905E-4974-ADBC-AF348B2774D4}.Debug|Mixed Platforms.Build.0 = Debug|Any CPU
		{140CA460-905E-4974-ADBC-AF348B2774D4}.Debug|x86.ActiveCfg = Debug|Any CPU
		{140CA460-905E-4974-ADBC-AF348B2774D4}.Release|Any CPU.ActiveCfg = Release|Any CPU
		{140CA460-905E-4974-ADBC-AF348B2774D4}.Release|Any CPU.Build.0 = Release|Any CPU
		{140CA460-905E-4974-ADBC-AF348B2774D4}.Release|Mixed Platforms.ActiveCfg = Release|Any CPU
		{140CA460-905E-4974-ADBC-AF348B2774D4}.Release|Mixed Platforms.Build.0 = Release|Any CPU
		{140CA460-905E-4974-ADBC-AF348B2774D4}.Release|x86.ActiveCfg = Release|Any CPU
		{30F6D3AD-6A23-4E4A-A49D-631A1BA1A0D6}.Debug|Any CPU.ActiveCfg = Debug|x86
		{30F6D3AD-6A23-4E4A-A49D-631A1BA1A0D6}.Debug|Mixed Platforms.ActiveCfg = Debug|x86
		{30F6D3AD-6A23-4E4A-A49D-631A1BA1A0D6}.Debug|Mixed Platforms.Build.0 = Debug|x86
		{30F6D3AD-6A23-4E4A-A49D-631A1BA1A0D6}.Debug|x86.ActiveCfg = Debug|x86
		{30F6D3AD-6A23-4E4A-A49D-631A1BA1A0D6}.Debug|x86.Build.0 = Debug|x86
		{30F6D3AD-6A23-4E4A-A49D-631A1BA1A0D6}.Release|Any CPU.ActiveCfg = Release|x86
		{30F6D3AD-6A23-4E4A-A49D-631A1BA1A0D6}.Release|Mixed Platforms.ActiveCfg = Release|x86
		{30F6D3AD-6A23-4E4A-A49D-631A1BA1A0D6}.Release|Mixed Platforms.Build.0 = Release|x86
		{30F6D3AD-6A23-4E4A-A49D-631A1BA1A0D6}.Release|x86.ActiveCfg = Release|x86
		{30F6D3AD-6A23-4E4A-A49D-631A1BA1A0D6}.Release|x86.Build.0 = Release|x86
		{BDEC2DE5-F676-46E5-8FB2-82AE1D5C3FAF}.Debug|Any CPU.ActiveCfg = Debug|x86
		{BDEC2DE5-F676-46E5-8FB2-82AE1D5C3FAF}.Debug|Mixed Platforms.ActiveCfg = Debug|x86
		{BDEC2DE5-F676-46E5-8FB2-82AE1D5C3FAF}.Debug|Mixed Platforms.Build.0 = Debug|x86
		{BDEC2DE5-F676-46E5-8FB2-82AE1D5C3FAF}.Debug|x86.ActiveCfg = Debug|x86
		{BDEC2DE5-F676-46E5-8FB2-82AE1D5C3FAF}.Debug|x86.Build.0 = Debug|x86
		{BDEC2DE5-F676-46E5-8FB2-82AE1D5C3FAF}.Release|Any CPU.ActiveCfg = Release|x86
		{BDEC2DE5-F676-46E5-8FB2-82AE1D5C3FAF}.Release|Mixed Platforms.ActiveCfg = Release|x86
		{BDEC2DE5-F676-46E5-8FB2-82AE1D5C3FAF}.Release|Mixed Platforms.Build.0 = Release|x86
		{BDEC2DE5-F676-46E5-8FB2-82AE1D5C3FAF}.Release|x86.ActiveCfg = Release|x86
		{BDEC2DE5-F676-46E5-8FB2-82AE1D5C3FAF}.Release|x86.Build.0 = Release|x86
	EndGlobalSection
	GlobalSection(SolutionProperties) = preSolution
		HideSolutionNode = FALSE
	EndGlobalSection
	GlobalSection(NestedProjects) = preSolution
		{B854CBA7-08FF-423F-887D-A156BFFB8772} = {9CD2033E-135E-4F18-94F0-45E3E105B7A9}
		{05CCA688-A3AC-4607-9D61-337738B1F04B} = {9CD2033E-135E-4F18-94F0-45E3E105B7A9}
		{0669BB94-E487-4019-8D32-170CDD3CE9CC} = {9CD2033E-135E-4F18-94F0-45E3E105B7A9}
		{439EE701-85DF-453D-86B7-7F28EC343B39} = {9CD2033E-135E-4F18-94F0-45E3E105B7A9}
		{C30815EB-1FEA-4BED-853D-3C7E641F314C} = {A7B189EE-0D08-47CB-9E76-938AC5F1B455}
		{15BD49F8-289D-4D0E-A27E-59585650A1DA} = {A7B189EE-0D08-47CB-9E76-938AC5F1B455}
		{B1587FF9-5EE3-4FFD-B732-38AAF3524CD4} = {0AF76A0B-9437-4C62-970E-FDF30BCE7714}
		{371D685B-B3FA-4A30-8A2C-05B8C5CFC8D8} = {2F77591D-4CBB-4AE6-B69B-EB6478D44127}
		{0FFBB8FC-2892-4F0C-A7F8-D5952787CD86} = {2F77591D-4CBB-4AE6-B69B-EB6478D44127}
		{7BFBC137-5022-4FFF-9237-98F362B00CAE} = {2F77591D-4CBB-4AE6-B69B-EB6478D44127}
		{51E68639-97C9-4DB7-958E-D8390B73283A} = {2F77591D-4CBB-4AE6-B69B-EB6478D44127}
		{2675F637-AF47-4406-A9CE-257ACB88BF25} = {55F10D0B-E9C2-4A69-96D8-537CFD06DA47}
		{58986288-A8FE-4D7C-A855-CFD9B348B506} = {55F10D0B-E9C2-4A69-96D8-537CFD06DA47}
		{4C71E700-3482-4BAF-9692-1A676A143510} = {55F10D0B-E9C2-4A69-96D8-537CFD06DA47}
		{C04A2A48-1328-4ED2-A6D0-62D67DAB75F1} = {55F10D0B-E9C2-4A69-96D8-537CFD06DA47}
		{5404CDA6-C126-477B-B74B-408CF822BA00} = {55F10D0B-E9C2-4A69-96D8-537CFD06DA47}
		{8E469E4F-77CD-4C02-AF01-7F78CF71C8DE} = {55F10D0B-E9C2-4A69-96D8-537CFD06DA47}
		{B5B26E7E-71ED-41D8-A5D0-B2A8BE10E318} = {E9CF416A-0F22-467C-9647-A04748F51EE5}
		{B7B073E8-EEFC-4291-B6A2-11B57C379ED7} = {D7C3A67D-397C-4599-8CC8-6806B7013E4F}
		{140CA460-905E-4974-ADBC-AF348B2774D4} = {CD16FBA8-2F82-4A57-B8F0-F2485C69501B}
	EndGlobalSection
EndGlobal
